
Microsoft Visual Studio Solution File, Format Version 12.00
# Visual Studio Version 16
VisualStudioVersion = 16.0.31613.86
MinimumVisualStudioVersion = 10.0.40219.1
Project("{FAE04EC0-301F-11D3-BF4B-00C04F79EFBC}") = "ConsoleClient", "ConsoleApp1210\ConsoleClient.csproj", "{F92B1507-C04B-4CAB-8081-B61006873F05}"
EndProject
Project("{9A19103F-16F7-4668-BE54-9A1E7A4F7556}") = "Server7", "Server7\Server7.csproj", "{49E5884D-F25F-4DAF-8174-480AA992F802}"
EndProject
Global
	GlobalSection(SolutionConfigurationPlatforms) = preSolution
		Debug|Any CPU = Debug|Any CPU
		Release|Any CPU = Release|Any CPU
	EndGlobalSection
	GlobalSection(ProjectConfigurationPlatforms) = postSolution
		{F92B1507-C04B-4CAB-8081-B61006873F05}.Debug|Any CPU.ActiveCfg = Debug|Any CPU
		{F92B1507-C04B-4CAB-8081-B61006873F05}.Debug|Any CPU.Build.0 = Debug|Any CPU
		{F92B1507-C04B-4CAB-8081-B61006873F05}.Release|Any CPU.ActiveCfg = Release|Any CPU
		{F92B1507-C04B-4CAB-8081-B61006873F05}.Release|Any CPU.Build.0 = Release|Any CPU
		{49E5884D-F25F-4DAF-8174-480AA992F802}.Debug|Any CPU.ActiveCfg = Debug|Any CPU
		{49E5884D-F25F-4DAF-8174-480AA992F802}.Debug|Any CPU.Build.0 = Debug|Any CPU
		{49E5884D-F25F-4DAF-8174-480AA992F802}.Release|Any CPU.ActiveCfg = Release|Any CPU
		{49E5884D-F25F-4DAF-8174-480AA992F802}.Release|Any CPU.Build.0 = Release|Any CPU
	EndGlobalSection
	GlobalSection(SolutionProperties) = preSolution
		HideSolutionNode = FALSE
	EndGlobalSection
	GlobalSection(ExtensibilityGlobals) = postSolution
		SolutionGuid = {EA800FE7-3069-49C5-877B-100A6D865570}
	EndGlobalSection
EndGlobal
